
Microsoft Visual Studio Solution File, Format Version 12.00
# Visual Studio Version 17
VisualStudioVersion = 17.8.34316.72
MinimumVisualStudioVersion = 10.0.40219.1
Project("{FAE04EC0-301F-11D3-BF4B-00C04F79EFBC}") = "MVC3", "MVC3\MVC3.csproj", "{259BA8D1-6507-402C-A3A6-B824EA5395D8}"
EndProject
Global
	GlobalSection(SolutionConfigurationPlatforms) = preSolution
		Debug|Any CPU = Debug|Any CPU
		Release|Any CPU = Release|Any CPU
	EndGlobalSection
	GlobalSection(ProjectConfigurationPlatforms) = postSolution
		{259BA8D1-6507-402C-A3A6-B824EA5395D8}.Debug|Any CPU.ActiveCfg = Debug|Any CPU
		{259BA8D1-6507-402C-A3A6-B824EA5395D8}.Debug|Any CPU.Build.0 = Debug|Any CPU
		{259BA8D1-6507-402C-A3A6-B824EA5395D8}.Release|Any CPU.ActiveCfg = Release|Any CPU
		{259BA8D1-6507-402C-A3A6-B824EA5395D8}.Release|Any CPU.Build.0 = Release|Any CPU
	EndGlobalSection
	GlobalSection(SolutionProperties) = preSolution
		HideSolutionNode = FALSE
	EndGlobalSection
	GlobalSection(ExtensibilityGlobals) = postSolution
		SolutionGuid = {033F41AE-614C-4A8E-BC72-B00E957AEA15}
	EndGlobalSection
EndGlobal
